// !$*UTF8*$!
{
	archiveVersion = 1;
	classes = {
	};
	objectVersion = 56;
	objects = {

/* Begin PBXBuildFile section */
		798DB74B2A70B3680093ACB6 /* Expense_TrackerApp.swift in Sources */ = {isa = PBXBuildFile; fileRef = 798DB74A2A70B3680093ACB6 /* Expense_TrackerApp.swift */; };
		798DB74D2A70B3680093ACB6 /* ContentView.swift in Sources */ = {isa = PBXBuildFile; fileRef = 798DB74C2A70B3680093ACB6 /* ContentView.swift */; };
		798DB74F2A70B36A0093ACB6 /* Assets.xcassets in Resources */ = {isa = PBXBuildFile; fileRef = 798DB74E2A70B36A0093ACB6 /* Assets.xcassets */; };
		798DB7532A70B36A0093ACB6 /* Preview Assets.xcassets in Resources */ = {isa = PBXBuildFile; fileRef = 798DB7522A70B36A0093ACB6 /* Preview Assets.xcassets */; };
		798DB75D2A70B36B0093ACB6 /* Expense_TrackerTests.swift in Sources */ = {isa = PBXBuildFile; fileRef = 798DB75C2A70B36B0093ACB6 /* Expense_TrackerTests.swift */; };
		798DB7672A70B36B0093ACB6 /* Expense_TrackerUITests.swift in Sources */ = {isa = PBXBuildFile; fileRef = 798DB7662A70B36B0093ACB6 /* Expense_TrackerUITests.swift */; };
		798DB7692A70B36B0093ACB6 /* Expense_TrackerUITestsLaunchTests.swift in Sources */ = {isa = PBXBuildFile; fileRef = 798DB7682A70B36B0093ACB6 /* Expense_TrackerUITestsLaunchTests.swift */; };
		798DB7762A70B52F0093ACB6 /* Extensions.swift in Sources */ = {isa = PBXBuildFile; fileRef = 798DB7752A70B52F0093ACB6 /* Extensions.swift */; };
		798DB7782A70C3300093ACB6 /* TransactionModel.swift in Sources */ = {isa = PBXBuildFile; fileRef = 798DB7772A70C3300093ACB6 /* TransactionModel.swift */; };
		798DB77A2A70C5010093ACB6 /* PreviewDate.swift in Sources */ = {isa = PBXBuildFile; fileRef = 798DB7792A70C5010093ACB6 /* PreviewDate.swift */; };
		798DB77E2A70C6A50093ACB6 /* TransactionRow.swift in Sources */ = {isa = PBXBuildFile; fileRef = 798DB77D2A70C6A50093ACB6 /* TransactionRow.swift */; };
		798DB7812A70D0710093ACB6 /* SwiftUIFontIcon in Frameworks */ = {isa = PBXBuildFile; productRef = 798DB7802A70D0710093ACB6 /* SwiftUIFontIcon */; };
		798DB7832A70DD250093ACB6 /* TransactionListViewModel.swift in Sources */ = {isa = PBXBuildFile; fileRef = 798DB7822A70DD250093ACB6 /* TransactionListViewModel.swift */; };
		798DB7852A7179190093ACB6 /* RecentTransactionList.swift in Sources */ = {isa = PBXBuildFile; fileRef = 798DB7842A7179190093ACB6 /* RecentTransactionList.swift */; };
		798DB7872A71A04C0093ACB6 /* TransactionList.swift in Sources */ = {isa = PBXBuildFile; fileRef = 798DB7862A71A04C0093ACB6 /* TransactionList.swift */; };
		798DB78A2A71AC3C0093ACB6 /* Collections in Frameworks */ = {isa = PBXBuildFile; productRef = 798DB7892A71AC3C0093ACB6 /* Collections */; };
		798DB78D2A71AD490093ACB6 /* SwiftUICharts in Frameworks */ = {isa = PBXBuildFile; productRef = 798DB78C2A71AD490093ACB6 /* SwiftUICharts */; };
/* End PBXBuildFile section */

/* Begin PBXContainerItemProxy section */
		798DB7592A70B36B0093ACB6 /* PBXContainerItemProxy */ = {
			isa = PBXContainerItemProxy;
			containerPortal = 798DB73F2A70B3680093ACB6 /* Project object */;
			proxyType = 1;
			remoteGlobalIDString = 798DB7462A70B3680093ACB6;
			remoteInfo = "Expense Tracker";
		};
		798DB7632A70B36B0093ACB6 /* PBXContainerItemProxy */ = {
			isa = PBXContainerItemProxy;
			containerPortal = 798DB73F2A70B3680093ACB6 /* Project object */;
			proxyType = 1;
			remoteGlobalIDString = 798DB7462A70B3680093ACB6;
			remoteInfo = "Expense Tracker";
		};
/* End PBXContainerItemProxy section */

/* Begin PBXFileReference section */
		798DB7472A70B3680093ACB6 /* Expense Tracker.app */ = {isa = PBXFileReference; explicitFileType = wrapper.application; includeInIndex = 0; path = "Expense Tracker.app"; sourceTree = BUILT_PRODUCTS_DIR; };
		798DB74A2A70B3680093ACB6 /* Expense_TrackerApp.swift */ = {isa = PBXFileReference; lastKnownFileType = sourcecode.swift; path = Expense_TrackerApp.swift; sourceTree = "<group>"; };
		798DB74C2A70B3680093ACB6 /* ContentView.swift */ = {isa = PBXFileReference; lastKnownFileType = sourcecode.swift; path = ContentView.swift; sourceTree = "<group>"; };
		798DB74E2A70B36A0093ACB6 /* Assets.xcassets */ = {isa = PBXFileReference; lastKnownFileType = folder.assetcatalog; path = Assets.xcassets; sourceTree = "<group>"; };
		798DB7502A70B36A0093ACB6 /* Expense_Tracker.entitlements */ = {isa = PBXFileReference; lastKnownFileType = text.plist.entitlements; path = Expense_Tracker.entitlements; sourceTree = "<group>"; };
		798DB7522A70B36A0093ACB6 /* Preview Assets.xcassets */ = {isa = PBXFileReference; lastKnownFileType = folder.assetcatalog; path = "Preview Assets.xcassets"; sourceTree = "<group>"; };
		798DB7582A70B36B0093ACB6 /* Expense TrackerTests.xctest */ = {isa = PBXFileReference; explicitFileType = wrapper.cfbundle; includeInIndex = 0; path = "Expense TrackerTests.xctest"; sourceTree = BUILT_PRODUCTS_DIR; };
		798DB75C2A70B36B0093ACB6 /* Expense_TrackerTests.swift */ = {isa = PBXFileReference; lastKnownFileType = sourcecode.swift; path = Expense_TrackerTests.swift; sourceTree = "<group>"; };
		798DB7622A70B36B0093ACB6 /* Expense TrackerUITests.xctest */ = {isa = PBXFileReference; explicitFileType = wrapper.cfbundle; includeInIndex = 0; path = "Expense TrackerUITests.xctest"; sourceTree = BUILT_PRODUCTS_DIR; };
		798DB7662A70B36B0093ACB6 /* Expense_TrackerUITests.swift */ = {isa = PBXFileReference; lastKnownFileType = sourcecode.swift; path = Expense_TrackerUITests.swift; sourceTree = "<group>"; };
		798DB7682A70B36B0093ACB6 /* Expense_TrackerUITestsLaunchTests.swift */ = {isa = PBXFileReference; lastKnownFileType = sourcecode.swift; path = Expense_TrackerUITestsLaunchTests.swift; sourceTree = "<group>"; };
		798DB7752A70B52F0093ACB6 /* Extensions.swift */ = {isa = PBXFileReference; lastKnownFileType = sourcecode.swift; path = Extensions.swift; sourceTree = "<group>"; };
		798DB7772A70C3300093ACB6 /* TransactionModel.swift */ = {isa = PBXFileReference; lastKnownFileType = sourcecode.swift; path = TransactionModel.swift; sourceTree = "<group>"; };
		798DB7792A70C5010093ACB6 /* PreviewDate.swift */ = {isa = PBXFileReference; lastKnownFileType = sourcecode.swift; path = PreviewDate.swift; sourceTree = "<group>"; };
		798DB77D2A70C6A50093ACB6 /* TransactionRow.swift */ = {isa = PBXFileReference; lastKnownFileType = sourcecode.swift; path = TransactionRow.swift; sourceTree = "<group>"; };
		798DB7822A70DD250093ACB6 /* TransactionListViewModel.swift */ = {isa = PBXFileReference; lastKnownFileType = sourcecode.swift; path = TransactionListViewModel.swift; sourceTree = "<group>"; };
		798DB7842A7179190093ACB6 /* RecentTransactionList.swift */ = {isa = PBXFileReference; lastKnownFileType = sourcecode.swift; path = RecentTransactionList.swift; sourceTree = "<group>"; };
		798DB7862A71A04C0093ACB6 /* TransactionList.swift */ = {isa = PBXFileReference; lastKnownFileType = sourcecode.swift; path = TransactionList.swift; sourceTree = "<group>"; };
/* End PBXFileReference section */

/* Begin PBXFrameworksBuildPhase section */
		798DB7442A70B3680093ACB6 /* Frameworks */ = {
			isa = PBXFrameworksBuildPhase;
			buildActionMask = 2147483647;
			files = (
				798DB78D2A71AD490093ACB6 /* SwiftUICharts in Frameworks */,
				798DB78A2A71AC3C0093ACB6 /* Collections in Frameworks */,
				798DB7812A70D0710093ACB6 /* SwiftUIFontIcon in Frameworks */,
			);
			runOnlyForDeploymentPostprocessing = 0;
		};
		798DB7552A70B36B0093ACB6 /* Frameworks */ = {
			isa = PBXFrameworksBuildPhase;
			buildActionMask = 2147483647;
			files = (
			);
			runOnlyForDeploymentPostprocessing = 0;
		};
		798DB75F2A70B36B0093ACB6 /* Frameworks */ = {
			isa = PBXFrameworksBuildPhase;
			buildActionMask = 2147483647;
			files = (
			);
			runOnlyForDeploymentPostprocessing = 0;
		};
/* End PBXFrameworksBuildPhase section */

/* Begin PBXGroup section */
		798DB73E2A70B3680093ACB6 = {
			isa = PBXGroup;
			children = (
				798DB7492A70B3680093ACB6 /* Expense Tracker */,
				798DB75B2A70B36B0093ACB6 /* Expense TrackerTests */,
				798DB7652A70B36B0093ACB6 /* Expense TrackerUITests */,
				798DB7482A70B3680093ACB6 /* Products */,
			);
			sourceTree = "<group>";
		};
		798DB7482A70B3680093ACB6 /* Products */ = {
			isa = PBXGroup;
			children = (
				798DB7472A70B3680093ACB6 /* Expense Tracker.app */,
				798DB7582A70B36B0093ACB6 /* Expense TrackerTests.xctest */,
				798DB7622A70B36B0093ACB6 /* Expense TrackerUITests.xctest */,
			);
			name = Products;
			sourceTree = "<group>";
		};
		798DB7492A70B3680093ACB6 /* Expense Tracker */ = {
			isa = PBXGroup;
			children = (
				798DB74A2A70B3680093ACB6 /* Expense_TrackerApp.swift */,
				798DB74C2A70B3680093ACB6 /* ContentView.swift */,
				798DB7842A7179190093ACB6 /* RecentTransactionList.swift */,
				798DB7862A71A04C0093ACB6 /* TransactionList.swift */,
				798DB77D2A70C6A50093ACB6 /* TransactionRow.swift */,
				798DB7822A70DD250093ACB6 /* TransactionListViewModel.swift */,
				798DB7772A70C3300093ACB6 /* TransactionModel.swift */,
				798DB7752A70B52F0093ACB6 /* Extensions.swift */,
				798DB74E2A70B36A0093ACB6 /* Assets.xcassets */,
				798DB7502A70B36A0093ACB6 /* Expense_Tracker.entitlements */,
				798DB7512A70B36A0093ACB6 /* Preview Content */,
			);
			path = "Expense Tracker";
			sourceTree = "<group>";
		};
		798DB7512A70B36A0093ACB6 /* Preview Content */ = {
			isa = PBXGroup;
			children = (
				798DB7522A70B36A0093ACB6 /* Preview Assets.xcassets */,
				798DB7792A70C5010093ACB6 /* PreviewDate.swift */,
			);
			path = "Preview Content";
			sourceTree = "<group>";
		};
		798DB75B2A70B36B0093ACB6 /* Expense TrackerTests */ = {
			isa = PBXGroup;
			children = (
				798DB75C2A70B36B0093ACB6 /* Expense_TrackerTests.swift */,
			);
			path = "Expense TrackerTests";
			sourceTree = "<group>";
		};
		798DB7652A70B36B0093ACB6 /* Expense TrackerUITests */ = {
			isa = PBXGroup;
			children = (
				798DB7662A70B36B0093ACB6 /* Expense_TrackerUITests.swift */,
				798DB7682A70B36B0093ACB6 /* Expense_TrackerUITestsLaunchTests.swift */,
			);
			path = "Expense TrackerUITests";
			sourceTree = "<group>";
		};
/* End PBXGroup section */

/* Begin PBXNativeTarget section */
		798DB7462A70B3680093ACB6 /* Expense Tracker */ = {
			isa = PBXNativeTarget;
			buildConfigurationList = 798DB76C2A70B36B0093ACB6 /* Build configuration list for PBXNativeTarget "Expense Tracker" */;
			buildPhases = (
				798DB7432A70B3680093ACB6 /* Sources */,
				798DB7442A70B3680093ACB6 /* Frameworks */,
				798DB7452A70B3680093ACB6 /* Resources */,
			);
			buildRules = (
			);
			dependencies = (
			);
			name = "Expense Tracker";
			packageProductDependencies = (
				798DB7802A70D0710093ACB6 /* SwiftUIFontIcon */,
				798DB7892A71AC3C0093ACB6 /* Collections */,
				798DB78C2A71AD490093ACB6 /* SwiftUICharts */,
			);
			productName = "Expense Tracker";
			productReference = 798DB7472A70B3680093ACB6 /* Expense Tracker.app */;
			productType = "com.apple.product-type.application";
		};
		798DB7572A70B36B0093ACB6 /* Expense TrackerTests */ = {
			isa = PBXNativeTarget;
			buildConfigurationList = 798DB76F2A70B36B0093ACB6 /* Build configuration list for PBXNativeTarget "Expense TrackerTests" */;
			buildPhases = (
				798DB7542A70B36B0093ACB6 /* Sources */,
				798DB7552A70B36B0093ACB6 /* Frameworks */,
				798DB7562A70B36B0093ACB6 /* Resources */,
			);
			buildRules = (
			);
			dependencies = (
				798DB75A2A70B36B0093ACB6 /* PBXTargetDependency */,
			);
			name = "Expense TrackerTests";
			productName = "Expense TrackerTests";
			productReference = 798DB7582A70B36B0093ACB6 /* Expense TrackerTests.xctest */;
			productType = "com.apple.product-type.bundle.unit-test";
		};
		798DB7612A70B36B0093ACB6 /* Expense TrackerUITests */ = {
			isa = PBXNativeTarget;
			buildConfigurationList = 798DB7722A70B36B0093ACB6 /* Build configuration list for PBXNativeTarget "Expense TrackerUITests" */;
			buildPhases = (
				798DB75E2A70B36B0093ACB6 /* Sources */,
				798DB75F2A70B36B0093ACB6 /* Frameworks */,
				798DB7602A70B36B0093ACB6 /* Resources */,
			);
			buildRules = (
			);
			dependencies = (
				798DB7642A70B36B0093ACB6 /* PBXTargetDependency */,
			);
			name = "Expense TrackerUITests";
			productName = "Expense TrackerUITests";
			productReference = 798DB7622A70B36B0093ACB6 /* Expense TrackerUITests.xctest */;
			productType = "com.apple.product-type.bundle.ui-testing";
		};
/* End PBXNativeTarget section */

/* Begin PBXProject section */
		798DB73F2A70B3680093ACB6 /* Project object */ = {
			isa = PBXProject;
			attributes = {
				BuildIndependentTargetsInParallel = 1;
				LastSwiftUpdateCheck = 1430;
				LastUpgradeCheck = 1430;
				TargetAttributes = {
					798DB7462A70B3680093ACB6 = {
						CreatedOnToolsVersion = 14.3.1;
					};
					798DB7572A70B36B0093ACB6 = {
						CreatedOnToolsVersion = 14.3.1;
						TestTargetID = 798DB7462A70B3680093ACB6;
					};
					798DB7612A70B36B0093ACB6 = {
						CreatedOnToolsVersion = 14.3.1;
						TestTargetID = 798DB7462A70B3680093ACB6;
					};
				};
			};
			buildConfigurationList = 798DB7422A70B3680093ACB6 /* Build configuration list for PBXProject "Expense Tracker" */;
			compatibilityVersion = "Xcode 14.0";
			developmentRegion = en;
			hasScannedForEncodings = 0;
			knownRegions = (
				en,
				Base,
			);
			mainGroup = 798DB73E2A70B3680093ACB6;
			packageReferences = (
				798DB77F2A70D0710093ACB6 /* XCRemoteSwiftPackageReference "SwiftUIFontIcon" */,
				798DB7882A71AC3C0093ACB6 /* XCRemoteSwiftPackageReference "swift-collections" */,
				798DB78B2A71AD490093ACB6 /* XCRemoteSwiftPackageReference "ChartView" */,
			);
			productRefGroup = 798DB7482A70B3680093ACB6 /* Products */;
			projectDirPath = "";
			projectRoot = "";
			targets = (
				798DB7462A70B3680093ACB6 /* Expense Tracker */,
				798DB7572A70B36B0093ACB6 /* Expense TrackerTests */,
				798DB7612A70B36B0093ACB6 /* Expense TrackerUITests */,
			);
		};
/* End PBXProject section */

/* Begin PBXResourcesBuildPhase section */
		798DB7452A70B3680093ACB6 /* Resources */ = {
			isa = PBXResourcesBuildPhase;
			buildActionMask = 2147483647;
			files = (
				798DB7532A70B36A0093ACB6 /* Preview Assets.xcassets in Resources */,
				798DB74F2A70B36A0093ACB6 /* Assets.xcassets in Resources */,
			);
			runOnlyForDeploymentPostprocessing = 0;
		};
		798DB7562A70B36B0093ACB6 /* Resources */ = {
			isa = PBXResourcesBuildPhase;
			buildActionMask = 2147483647;
			files = (
			);
			runOnlyForDeploymentPostprocessing = 0;
		};
		798DB7602A70B36B0093ACB6 /* Resources */ = {
			isa = PBXResourcesBuildPhase;
			buildActionMask = 2147483647;
			files = (
			);
			runOnlyForDeploymentPostprocessing = 0;
		};
/* End PBXResourcesBuildPhase section */

/* Begin PBXSourcesBuildPhase section */
		798DB7432A70B3680093ACB6 /* Sources */ = {
			isa = PBXSourcesBuildPhase;
			buildActionMask = 2147483647;
			files = (
				798DB77A2A70C5010093ACB6 /* PreviewDate.swift in Sources */,
				798DB7872A71A04C0093ACB6 /* TransactionList.swift in Sources */,
				798DB7852A7179190093ACB6 /* RecentTransactionList.swift in Sources */,
				798DB7782A70C3300093ACB6 /* TransactionModel.swift in Sources */,
				798DB74D2A70B3680093ACB6 /* ContentView.swift in Sources */,
				798DB77E2A70C6A50093ACB6 /* TransactionRow.swift in Sources */,
				798DB7762A70B52F0093ACB6 /* Extensions.swift in Sources */,
				798DB7832A70DD250093ACB6 /* TransactionListViewModel.swift in Sources */,
				798DB74B2A70B3680093ACB6 /* Expense_TrackerApp.swift in Sources */,
			);
			runOnlyForDeploymentPostprocessing = 0;
		};
		798DB7542A70B36B0093ACB6 /* Sources */ = {
			isa = PBXSourcesBuildPhase;
			buildActionMask = 2147483647;
			files = (
				798DB75D2A70B36B0093ACB6 /* Expense_TrackerTests.swift in Sources */,
			);
			runOnlyForDeploymentPostprocessing = 0;
		};
		798DB75E2A70B36B0093ACB6 /* Sources */ = {
			isa = PBXSourcesBuildPhase;
			buildActionMask = 2147483647;
			files = (
				798DB7692A70B36B0093ACB6 /* Expense_TrackerUITestsLaunchTests.swift in Sources */,
				798DB7672A70B36B0093ACB6 /* Expense_TrackerUITests.swift in Sources */,
			);
			runOnlyForDeploymentPostprocessing = 0;
		};
/* End PBXSourcesBuildPhase section */

/* Begin PBXTargetDependency section */
		798DB75A2A70B36B0093ACB6 /* PBXTargetDependency */ = {
			isa = PBXTargetDependency;
			target = 798DB7462A70B3680093ACB6 /* Expense Tracker */;
			targetProxy = 798DB7592A70B36B0093ACB6 /* PBXContainerItemProxy */;
		};
		798DB7642A70B36B0093ACB6 /* PBXTargetDependency */ = {
			isa = PBXTargetDependency;
			target = 798DB7462A70B3680093ACB6 /* Expense Tracker */;
			targetProxy = 798DB7632A70B36B0093ACB6 /* PBXContainerItemProxy */;
		};
/* End PBXTargetDependency section */

/* Begin XCBuildConfiguration section */
		798DB76A2A70B36B0093ACB6 /* Debug */ = {
			isa = XCBuildConfiguration;
			buildSettings = {
				ALWAYS_SEARCH_USER_PATHS = NO;
				CLANG_ANALYZER_NONNULL = YES;
				CLANG_ANALYZER_NUMBER_OBJECT_CONVERSION = YES_AGGRESSIVE;
				CLANG_CXX_LANGUAGE_STANDARD = "gnu++20";
				CLANG_ENABLE_MODULES = YES;
				CLANG_ENABLE_OBJC_ARC = YES;
				CLANG_ENABLE_OBJC_WEAK = YES;
				CLANG_WARN_BLOCK_CAPTURE_AUTORELEASING = YES;
				CLANG_WARN_BOOL_CONVERSION = YES;
				CLANG_WARN_COMMA = YES;
				CLANG_WARN_CONSTANT_CONVERSION = YES;
				CLANG_WARN_DEPRECATED_OBJC_IMPLEMENTATIONS = YES;
				CLANG_WARN_DIRECT_OBJC_ISA_USAGE = YES_ERROR;
				CLANG_WARN_DOCUMENTATION_COMMENTS = YES;
				CLANG_WARN_EMPTY_BODY = YES;
				CLANG_WARN_ENUM_CONVERSION = YES;
				CLANG_WARN_INFINITE_RECURSION = YES;
				CLANG_WARN_INT_CONVERSION = YES;
				CLANG_WARN_NON_LITERAL_NULL_CONVERSION = YES;
				CLANG_WARN_OBJC_IMPLICIT_RETAIN_SELF = YES;
				CLANG_WARN_OBJC_LITERAL_CONVERSION = YES;
				CLANG_WARN_OBJC_ROOT_CLASS = YES_ERROR;
				CLANG_WARN_QUOTED_INCLUDE_IN_FRAMEWORK_HEADER = YES;
				CLANG_WARN_RANGE_LOOP_ANALYSIS = YES;
				CLANG_WARN_STRICT_PROTOTYPES = YES;
				CLANG_WARN_SUSPICIOUS_MOVE = YES;
				CLANG_WARN_UNGUARDED_AVAILABILITY = YES_AGGRESSIVE;
				CLANG_WARN_UNREACHABLE_CODE = YES;
				CLANG_WARN__DUPLICATE_METHOD_MATCH = YES;
				COPY_PHASE_STRIP = NO;
				DEBUG_INFORMATION_FORMAT = dwarf;
				ENABLE_STRICT_OBJC_MSGSEND = YES;
				ENABLE_TESTABILITY = YES;
				GCC_C_LANGUAGE_STANDARD = gnu11;
				GCC_DYNAMIC_NO_PIC = NO;
				GCC_NO_COMMON_BLOCKS = YES;
				GCC_OPTIMIZATION_LEVEL = 0;
				GCC_PREPROCESSOR_DEFINITIONS = (
					"DEBUG=1",
					"$(inherited)",
				);
				GCC_WARN_64_TO_32_BIT_CONVERSION = YES;
				GCC_WARN_ABOUT_RETURN_TYPE = YES_ERROR;
				GCC_WARN_UNDECLARED_SELECTOR = YES;
				GCC_WARN_UNINITIALIZED_AUTOS = YES_AGGRESSIVE;
				GCC_WARN_UNUSED_FUNCTION = YES;
				GCC_WARN_UNUSED_VARIABLE = YES;
				MTL_ENABLE_DEBUG_INFO = INCLUDE_SOURCE;
				MTL_FAST_MATH = YES;
				ONLY_ACTIVE_ARCH = YES;
				SWIFT_ACTIVE_COMPILATION_CONDITIONS = DEBUG;
				SWIFT_OPTIMIZATION_LEVEL = "-Onone";
			};
			name = Debug;
		};
		798DB76B2A70B36B0093ACB6 /* Release */ = {
			isa = XCBuildConfiguration;
			buildSettings = {
				ALWAYS_SEARCH_USER_PATHS = NO;
				CLANG_ANALYZER_NONNULL = YES;
				CLANG_ANALYZER_NUMBER_OBJECT_CONVERSION = YES_AGGRESSIVE;
				CLANG_CXX_LANGUAGE_STANDARD = "gnu++20";
				CLANG_ENABLE_MODULES = YES;
				CLANG_ENABLE_OBJC_ARC = YES;
				CLANG_ENABLE_OBJC_WEAK = YES;
				CLANG_WARN_BLOCK_CAPTURE_AUTORELEASING = YES;
				CLANG_WARN_BOOL_CONVERSION = YES;
				CLANG_WARN_COMMA = YES;
				CLANG_WARN_CONSTANT_CONVERSION = YES;
				CLANG_WARN_DEPRECATED_OBJC_IMPLEMENTATIONS = YES;
				CLANG_WARN_DIRECT_OBJC_ISA_USAGE = YES_ERROR;
				CLANG_WARN_DOCUMENTATION_COMMENTS = YES;
				CLANG_WARN_EMPTY_BODY = YES;
				CLANG_WARN_ENUM_CONVERSION = YES;
				CLANG_WARN_INFINITE_RECURSION = YES;
				CLANG_WARN_INT_CONVERSION = YES;
				CLANG_WARN_NON_LITERAL_NULL_CONVERSION = YES;
				CLANG_WARN_OBJC_IMPLICIT_RETAIN_SELF = YES;
				CLANG_WARN_OBJC_LITERAL_CONVERSION = YES;
				CLANG_WARN_OBJC_ROOT_CLASS = YES_ERROR;
				CLANG_WARN_QUOTED_INCLUDE_IN_FRAMEWORK_HEADER = YES;
				CLANG_WARN_RANGE_LOOP_ANALYSIS = YES;
				CLANG_WARN_STRICT_PROTOTYPES = YES;
				CLANG_WARN_SUSPICIOUS_MOVE = YES;
				CLANG_WARN_UNGUARDED_AVAILABILITY = YES_AGGRESSIVE;
				CLANG_WARN_UNREACHABLE_CODE = YES;
				CLANG_WARN__DUPLICATE_METHOD_MATCH = YES;
				COPY_PHASE_STRIP = NO;
				DEBUG_INFORMATION_FORMAT = "dwarf-with-dsym";
				ENABLE_NS_ASSERTIONS = NO;
				ENABLE_STRICT_OBJC_MSGSEND = YES;
				GCC_C_LANGUAGE_STANDARD = gnu11;
				GCC_NO_COMMON_BLOCKS = YES;
				GCC_WARN_64_TO_32_BIT_CONVERSION = YES;
				GCC_WARN_ABOUT_RETURN_TYPE = YES_ERROR;
				GCC_WARN_UNDECLARED_SELECTOR = YES;
				GCC_WARN_UNINITIALIZED_AUTOS = YES_AGGRESSIVE;
				GCC_WARN_UNUSED_FUNCTION = YES;
				GCC_WARN_UNUSED_VARIABLE = YES;
				MTL_ENABLE_DEBUG_INFO = NO;
				MTL_FAST_MATH = YES;
				SWIFT_COMPILATION_MODE = wholemodule;
				SWIFT_OPTIMIZATION_LEVEL = "-O";
			};
			name = Release;
		};
		798DB76D2A70B36B0093ACB6 /* Debug */ = {
			isa = XCBuildConfiguration;
			buildSettings = {
				ASSETCATALOG_COMPILER_APPICON_NAME = AppIcon;
				ASSETCATALOG_COMPILER_GLOBAL_ACCENT_COLOR_NAME = AccentColor;
				CODE_SIGN_ENTITLEMENTS = "Expense Tracker/Expense_Tracker.entitlements";
				CODE_SIGN_STYLE = Automatic;
				CURRENT_PROJECT_VERSION = 1;
				DEVELOPMENT_ASSET_PATHS = "\"Expense Tracker/Preview Content\"";
				ENABLE_PREVIEWS = YES;
				GENERATE_INFOPLIST_FILE = YES;
				"INFOPLIST_KEY_UIApplicationSceneManifest_Generation[sdk=iphoneos*]" = YES;
				"INFOPLIST_KEY_UIApplicationSceneManifest_Generation[sdk=iphonesimulator*]" = YES;
				"INFOPLIST_KEY_UIApplicationSupportsIndirectInputEvents[sdk=iphoneos*]" = YES;
				"INFOPLIST_KEY_UIApplicationSupportsIndirectInputEvents[sdk=iphonesimulator*]" = YES;
				"INFOPLIST_KEY_UILaunchScreen_Generation[sdk=iphoneos*]" = YES;
				"INFOPLIST_KEY_UILaunchScreen_Generation[sdk=iphonesimulator*]" = YES;
				"INFOPLIST_KEY_UIStatusBarStyle[sdk=iphoneos*]" = UIStatusBarStyleDefault;
				"INFOPLIST_KEY_UIStatusBarStyle[sdk=iphonesimulator*]" = UIStatusBarStyleDefault;
				INFOPLIST_KEY_UISupportedInterfaceOrientations_iPad = "UIInterfaceOrientationPortrait UIInterfaceOrientationPortraitUpsideDown UIInterfaceOrientationLandscapeLeft UIInterfaceOrientationLandscapeRight";
				INFOPLIST_KEY_UISupportedInterfaceOrientations_iPhone = "UIInterfaceOrientationPortrait UIInterfaceOrientationLandscapeLeft UIInterfaceOrientationLandscapeRight";
				IPHONEOS_DEPLOYMENT_TARGET = 16.4;
				LD_RUNPATH_SEARCH_PATHS = "@executable_path/Frameworks";
				"LD_RUNPATH_SEARCH_PATHS[sdk=macosx*]" = "@executable_path/../Frameworks";
				MACOSX_DEPLOYMENT_TARGET = 13.3;
				MARKETING_VERSION = 1.0;
				PRODUCT_BUNDLE_IDENTIFIER = "Gui.Expense-Tracker";
				PRODUCT_NAME = "$(TARGET_NAME)";
				SDKROOT = auto;
				SUPPORTED_PLATFORMS = "iphoneos iphonesimulator macosx";
				SWIFT_EMIT_LOC_STRINGS = YES;
				SWIFT_VERSION = 5.0;
				TARGETED_DEVICE_FAMILY = "1,2";
			};
			name = Debug;
		};
		798DB76E2A70B36B0093ACB6 /* Release */ = {
			isa = XCBuildConfiguration;
			buildSettings = {
				ASSETCATALOG_COMPILER_APPICON_NAME = AppIcon;
				ASSETCATALOG_COMPILER_GLOBAL_ACCENT_COLOR_NAME = AccentColor;
				CODE_SIGN_ENTITLEMENTS = "Expense Tracker/Expense_Tracker.entitlements";
				CODE_SIGN_STYLE = Automatic;
				CURRENT_PROJECT_VERSION = 1;
				DEVELOPMENT_ASSET_PATHS = "\"Expense Tracker/Preview Content\"";
				ENABLE_PREVIEWS = YES;
				GENERATE_INFOPLIST_FILE = YES;
				"INFOPLIST_KEY_UIApplicationSceneManifest_Generation[sdk=iphoneos*]" = YES;
				"INFOPLIST_KEY_UIApplicationSceneManifest_Generation[sdk=iphonesimulator*]" = YES;
				"INFOPLIST_KEY_UIApplicationSupportsIndirectInputEvents[sdk=iphoneos*]" = YES;
				"INFOPLIST_KEY_UIApplicationSupportsIndirectInputEvents[sdk=iphonesimulator*]" = YES;
				"INFOPLIST_KEY_UILaunchScreen_Generation[sdk=iphoneos*]" = YES;
				"INFOPLIST_KEY_UILaunchScreen_Generation[sdk=iphonesimulator*]" = YES;
				"INFOPLIST_KEY_UIStatusBarStyle[sdk=iphoneos*]" = UIStatusBarStyleDefault;
				"INFOPLIST_KEY_UIStatusBarStyle[sdk=iphonesimulator*]" = UIStatusBarStyleDefault;
				INFOPLIST_KEY_UISupportedInterfaceOrientations_iPad = "UIInterfaceOrientationPortrait UIInterfaceOrientationPortraitUpsideDown UIInterfaceOrientationLandscapeLeft UIInterfaceOrientationLandscapeRight";
				INFOPLIST_KEY_UISupportedInterfaceOrientations_iPhone = "UIInterfaceOrientationPortrait UIInterfaceOrientationLandscapeLeft UIInterfaceOrientationLandscapeRight";
				IPHONEOS_DEPLOYMENT_TARGET = 16.4;
				LD_RUNPATH_SEARCH_PATHS = "@executable_path/Frameworks";
				"LD_RUNPATH_SEARCH_PATHS[sdk=macosx*]" = "@executable_path/../Frameworks";
				MACOSX_DEPLOYMENT_TARGET = 13.3;
				MARKETING_VERSION = 1.0;
				PRODUCT_BUNDLE_IDENTIFIER = "Gui.Expense-Tracker";
				PRODUCT_NAME = "$(TARGET_NAME)";
				SDKROOT = auto;
				SUPPORTED_PLATFORMS = "iphoneos iphonesimulator macosx";
				SWIFT_EMIT_LOC_STRINGS = YES;
				SWIFT_VERSION = 5.0;
				TARGETED_DEVICE_FAMILY = "1,2";
			};
			name = Release;
		};
		798DB7702A70B36B0093ACB6 /* Debug */ = {
			isa = XCBuildConfiguration;
			buildSettings = {
				ALWAYS_EMBED_SWIFT_STANDARD_LIBRARIES = YES;
				BUNDLE_LOADER = "$(TEST_HOST)";
				CODE_SIGN_STYLE = Automatic;
				CURRENT_PROJECT_VERSION = 1;
				GENERATE_INFOPLIST_FILE = YES;
				IPHONEOS_DEPLOYMENT_TARGET = 16.4;
				MACOSX_DEPLOYMENT_TARGET = 13.3;
				MARKETING_VERSION = 1.0;
				PRODUCT_BUNDLE_IDENTIFIER = "Gui.Expense-TrackerTests";
				PRODUCT_NAME = "$(TARGET_NAME)";
				SDKROOT = auto;
				SUPPORTED_PLATFORMS = "iphoneos iphonesimulator macosx";
				SWIFT_EMIT_LOC_STRINGS = NO;
				SWIFT_VERSION = 5.0;
				TARGETED_DEVICE_FAMILY = "1,2";
				TEST_HOST = "$(BUILT_PRODUCTS_DIR)/Expense Tracker.app/$(BUNDLE_EXECUTABLE_FOLDER_PATH)/Expense Tracker";
			};
			name = Debug;
		};
		798DB7712A70B36B0093ACB6 /* Release */ = {
			isa = XCBuildConfiguration;
			buildSettings = {
				ALWAYS_EMBED_SWIFT_STANDARD_LIBRARIES = YES;
				BUNDLE_LOADER = "$(TEST_HOST)";
				CODE_SIGN_STYLE = Automatic;
				CURRENT_PROJECT_VERSION = 1;
				GENERATE_INFOPLIST_FILE = YES;
				IPHONEOS_DEPLOYMENT_TARGET = 16.4;
				MACOSX_DEPLOYMENT_TARGET = 13.3;
				MARKETING_VERSION = 1.0;
				PRODUCT_BUNDLE_IDENTIFIER = "Gui.Expense-TrackerTests";
				PRODUCT_NAME = "$(TARGET_NAME)";
				SDKROOT = auto;
				SUPPORTED_PLATFORMS = "iphoneos iphonesimulator macosx";
				SWIFT_EMIT_LOC_STRINGS = NO;
				SWIFT_VERSION = 5.0;
				TARGETED_DEVICE_FAMILY = "1,2";
				TEST_HOST = "$(BUILT_PRODUCTS_DIR)/Expense Tracker.app/$(BUNDLE_EXECUTABLE_FOLDER_PATH)/Expense Tracker";
			};
			name = Release;
		};
		798DB7732A70B36B0093ACB6 /* Debug */ = {
			isa = XCBuildConfiguration;
			buildSettings = {
				ALWAYS_EMBED_SWIFT_STANDARD_LIBRARIES = YES;
				CODE_SIGN_STYLE = Automatic;
				CURRENT_PROJECT_VERSION = 1;
				GENERATE_INFOPLIST_FILE = YES;
				IPHONEOS_DEPLOYMENT_TARGET = 16.4;
				MACOSX_DEPLOYMENT_TARGET = 13.3;
				MARKETING_VERSION = 1.0;
				PRODUCT_BUNDLE_IDENTIFIER = "Gui.Expense-TrackerUITests";
				PRODUCT_NAME = "$(TARGET_NAME)";
				SDKROOT = auto;
				SUPPORTED_PLATFORMS = "iphoneos iphonesimulator macosx";
				SWIFT_EMIT_LOC_STRINGS = NO;
				SWIFT_VERSION = 5.0;
				TARGETED_DEVICE_FAMILY = "1,2";
				TEST_TARGET_NAME = "Expense Tracker";
			};
			name = Debug;
		};
		798DB7742A70B36B0093ACB6 /* Release */ = {
			isa = XCBuildConfiguration;
			buildSettings = {
				ALWAYS_EMBED_SWIFT_STANDARD_LIBRARIES = YES;
				CODE_SIGN_STYLE = Automatic;
				CURRENT_PROJECT_VERSION = 1;
				GENERATE_INFOPLIST_FILE = YES;
				IPHONEOS_DEPLOYMENT_TARGET = 16.4;
				MACOSX_DEPLOYMENT_TARGET = 13.3;
				MARKETING_VERSION = 1.0;
				PRODUCT_BUNDLE_IDENTIFIER = "Gui.Expense-TrackerUITests";
				PRODUCT_NAME = "$(TARGET_NAME)";
				SDKROOT = auto;
				SUPPORTED_PLATFORMS = "iphoneos iphonesimulator macosx";
				SWIFT_EMIT_LOC_STRINGS = NO;
				SWIFT_VERSION = 5.0;
				TARGETED_DEVICE_FAMILY = "1,2";
				TEST_TARGET_NAME = "Expense Tracker";
			};
			name = Release;
		};
/* End XCBuildConfiguration section */

/* Begin XCConfigurationList section */
		798DB7422A70B3680093ACB6 /* Build configuration list for PBXProject "Expense Tracker" */ = {
			isa = XCConfigurationList;
			buildConfigurations = (
				798DB76A2A70B36B0093ACB6 /* Debug */,
				798DB76B2A70B36B0093ACB6 /* Release */,
			);
			defaultConfigurationIsVisible = 0;
			defaultConfigurationName = Release;
		};
		798DB76C2A70B36B0093ACB6 /* Build configuration list for PBXNativeTarget "Expense Tracker" */ = {
			isa = XCConfigurationList;
			buildConfigurations = (
				798DB76D2A70B36B0093ACB6 /* Debug */,
				798DB76E2A70B36B0093ACB6 /* Release */,
			);
			defaultConfigurationIsVisible = 0;
			defaultConfigurationName = Release;
		};
		798DB76F2A70B36B0093ACB6 /* Build configuration list for PBXNativeTarget "Expense TrackerTests" */ = {
			isa = XCConfigurationList;
			buildConfigurations = (
				798DB7702A70B36B0093ACB6 /* Debug */,
				798DB7712A70B36B0093ACB6 /* Release */,
			);
			defaultConfigurationIsVisible = 0;
			defaultConfigurationName = Release;
		};
		798DB7722A70B36B0093ACB6 /* Build configuration list for PBXNativeTarget "Expense TrackerUITests" */ = {
			isa = XCConfigurationList;
			buildConfigurations = (
				798DB7732A70B36B0093ACB6 /* Debug */,
				798DB7742A70B36B0093ACB6 /* Release */,
			);
			defaultConfigurationIsVisible = 0;
			defaultConfigurationName = Release;
		};
/* End XCConfigurationList section */

/* Begin XCRemoteSwiftPackageReference section */
		798DB77F2A70D0710093ACB6 /* XCRemoteSwiftPackageReference "SwiftUIFontIcon" */ = {
			isa = XCRemoteSwiftPackageReference;
			repositoryURL = "https://github.com/huybuidac/SwiftUIFontIcon";
			requirement = {
				branch = master;
				kind = branch;
			};
		};
		798DB7882A71AC3C0093ACB6 /* XCRemoteSwiftPackageReference "swift-collections" */ = {
			isa = XCRemoteSwiftPackageReference;
			repositoryURL = "https://github.com/apple/swift-collections.git";
			requirement = {
				kind = upToNextMajorVersion;
				minimumVersion = 1.0.2;
			};
		};
		798DB78B2A71AD490093ACB6 /* XCRemoteSwiftPackageReference "ChartView" */ = {
			isa = XCRemoteSwiftPackageReference;
			repositoryURL = "https://github.com/AppPear/ChartView";
			requirement = {
				kind = exactVersion;
				version = "2.0.0-beta.2";
			};
		};
/* End XCRemoteSwiftPackageReference section */

/* Begin XCSwiftPackageProductDependency section */
		798DB7802A70D0710093ACB6 /* SwiftUIFontIcon */ = {
			isa = XCSwiftPackageProductDependency;
			package = 798DB77F2A70D0710093ACB6 /* XCRemoteSwiftPackageReference "SwiftUIFontIcon" */;
			productName = SwiftUIFontIcon;
		};
		798DB7892A71AC3C0093ACB6 /* Collections */ = {
			isa = XCSwiftPackageProductDependency;
			package = 798DB7882A71AC3C0093ACB6 /* XCRemoteSwiftPackageReference "swift-collections" */;
			productName = Collections;
		};
		798DB78C2A71AD490093ACB6 /* SwiftUICharts */ = {
			isa = XCSwiftPackageProductDependency;
			package = 798DB78B2A71AD490093ACB6 /* XCRemoteSwiftPackageReference "ChartView" */;
			productName = SwiftUICharts;
		};
/* End XCSwiftPackageProductDependency section */
	};
	rootObject = 798DB73F2A70B3680093ACB6 /* Project object */;
}
